
Microsoft Visual Studio Solution File, Format Version 12.00
# Visual Studio Version 17
VisualStudioVersion = 17.1.32228.430
MinimumVisualStudioVersion = 10.0.40219.1
Project("{FAE04EC0-301F-11D3-BF4B-00C04F79EFBC}") = "Entidades", "Entidades\Entidades.csproj", "{8F1CB1CB-1DB7-41CE-BC5A-E49C467DCFC9}"
EndProject
Project("{FAE04EC0-301F-11D3-BF4B-00C04F79EFBC}") = "FormDelegado", "FormDelegado\FormDelegado.csproj", "{0D9A05C6-8BE6-499B-9EA8-D118B6B6ACAC}"
EndProject
Global
	GlobalSection(SolutionConfigurationPlatforms) = preSolution
		Debug|Any CPU = Debug|Any CPU
		Release|Any CPU = Release|Any CPU
	EndGlobalSection
	GlobalSection(ProjectConfigurationPlatforms) = postSolution
		{8F1CB1CB-1DB7-41CE-BC5A-E49C467DCFC9}.Debug|Any CPU.ActiveCfg = Debug|Any CPU
		{8F1CB1CB-1DB7-41CE-BC5A-E49C467DCFC9}.Debug|Any CPU.Build.0 = Debug|Any CPU
		{8F1CB1CB-1DB7-41CE-BC5A-E49C467DCFC9}.Release|Any CPU.ActiveCfg = Release|Any CPU
		{8F1CB1CB-1DB7-41CE-BC5A-E49C467DCFC9}.Release|Any CPU.Build.0 = Release|Any CPU
		{0D9A05C6-8BE6-499B-9EA8-D118B6B6ACAC}.Debug|Any CPU.ActiveCfg = Debug|Any CPU
		{0D9A05C6-8BE6-499B-9EA8-D118B6B6ACAC}.Debug|Any CPU.Build.0 = Debug|Any CPU
		{0D9A05C6-8BE6-499B-9EA8-D118B6B6ACAC}.Release|Any CPU.ActiveCfg = Release|Any CPU
		{0D9A05C6-8BE6-499B-9EA8-D118B6B6ACAC}.Release|Any CPU.Build.0 = Release|Any CPU
	EndGlobalSection
	GlobalSection(SolutionProperties) = preSolution
		HideSolutionNode = FALSE
	EndGlobalSection
	GlobalSection(ExtensibilityGlobals) = postSolution
		SolutionGuid = {32E71BE1-E78B-49CD-AE81-B581FAB70F3A}
	EndGlobalSection
EndGlobal
