
Microsoft Visual Studio Solution File, Format Version 12.00
# Visual Studio Version 17
VisualStudioVersion = 17.1.32407.343
MinimumVisualStudioVersion = 10.0.40219.1
Project("{FAE04EC0-301F-11D3-BF4B-00C04F79EFBC}") = "WinFormsApp1", "WinFormsApp1\WinFormsApp1.csproj", "{EAC5AB49-7E81-4707-BA30-7E4C2D333EED}"
EndProject
Global
	GlobalSection(SolutionConfigurationPlatforms) = preSolution
		Debug|Any CPU = Debug|Any CPU
		Release|Any CPU = Release|Any CPU
	EndGlobalSection
	GlobalSection(ProjectConfigurationPlatforms) = postSolution
		{EAC5AB49-7E81-4707-BA30-7E4C2D333EED}.Debug|Any CPU.ActiveCfg = Debug|Any CPU
		{EAC5AB49-7E81-4707-BA30-7E4C2D333EED}.Debug|Any CPU.Build.0 = Debug|Any CPU
		{EAC5AB49-7E81-4707-BA30-7E4C2D333EED}.Release|Any CPU.ActiveCfg = Release|Any CPU
		{EAC5AB49-7E81-4707-BA30-7E4C2D333EED}.Release|Any CPU.Build.0 = Release|Any CPU
	EndGlobalSection
	GlobalSection(SolutionProperties) = preSolution
		HideSolutionNode = FALSE
	EndGlobalSection
	GlobalSection(ExtensibilityGlobals) = postSolution
		SolutionGuid = {4474819C-9727-4CCC-ADC8-8170CC5637E5}
	EndGlobalSection
EndGlobal
