
Microsoft Visual Studio Solution File, Format Version 12.00
# Visual Studio Version 17
VisualStudioVersion = 17.1.32228.430
MinimumVisualStudioVersion = 10.0.40219.1
Project("{9A19103F-16F7-4668-BE54-9A1E7A4F7556}") = "Entidades", "Entidades\Entidades.csproj", "{7BEE0013-16B2-453A-9DE8-129836F3D144}"
EndProject
Project("{FAE04EC0-301F-11D3-BF4B-00C04F79EFBC}") = "UIGomeria", "UIGomeria\UIGomeria.csproj", "{DDFC8A39-2810-46D4-ABEE-9CBC2A477721}"
EndProject
Global
	GlobalSection(SolutionConfigurationPlatforms) = preSolution
		Debug|Any CPU = Debug|Any CPU
		Release|Any CPU = Release|Any CPU
	EndGlobalSection
	GlobalSection(ProjectConfigurationPlatforms) = postSolution
		{7BEE0013-16B2-453A-9DE8-129836F3D144}.Debug|Any CPU.ActiveCfg = Debug|Any CPU
		{7BEE0013-16B2-453A-9DE8-129836F3D144}.Debug|Any CPU.Build.0 = Debug|Any CPU
		{7BEE0013-16B2-453A-9DE8-129836F3D144}.Release|Any CPU.ActiveCfg = Release|Any CPU
		{7BEE0013-16B2-453A-9DE8-129836F3D144}.Release|Any CPU.Build.0 = Release|Any CPU
		{DDFC8A39-2810-46D4-ABEE-9CBC2A477721}.Debug|Any CPU.ActiveCfg = Debug|Any CPU
		{DDFC8A39-2810-46D4-ABEE-9CBC2A477721}.Debug|Any CPU.Build.0 = Debug|Any CPU
		{DDFC8A39-2810-46D4-ABEE-9CBC2A477721}.Release|Any CPU.ActiveCfg = Release|Any CPU
		{DDFC8A39-2810-46D4-ABEE-9CBC2A477721}.Release|Any CPU.Build.0 = Release|Any CPU
	EndGlobalSection
	GlobalSection(SolutionProperties) = preSolution
		HideSolutionNode = FALSE
	EndGlobalSection
	GlobalSection(ExtensibilityGlobals) = postSolution
		SolutionGuid = {62DF4398-A5F8-44DD-82E3-9800FD147EB3}
	EndGlobalSection
EndGlobal
