
Microsoft Visual Studio Solution File, Format Version 12.00
# Visual Studio Version 17
VisualStudioVersion = 17.1.32228.430
MinimumVisualStudioVersion = 10.0.40219.1
Project("{FAE04EC0-301F-11D3-BF4B-00C04F79EFBC}") = "i01", "i01\i01.csproj", "{0EE5E4DE-D360-4F27-A79F-D685465CAB12}"
EndProject
Project("{FAE04EC0-301F-11D3-BF4B-00C04F79EFBC}") = "Entidades", "Entidades\Entidades.csproj", "{99BC2E44-D3DD-433A-8D06-B261A0B14BFC}"
EndProject
Global
	GlobalSection(SolutionConfigurationPlatforms) = preSolution
		Debug|Any CPU = Debug|Any CPU
		Release|Any CPU = Release|Any CPU
	EndGlobalSection
	GlobalSection(ProjectConfigurationPlatforms) = postSolution
		{0EE5E4DE-D360-4F27-A79F-D685465CAB12}.Debug|Any CPU.ActiveCfg = Debug|Any CPU
		{0EE5E4DE-D360-4F27-A79F-D685465CAB12}.Debug|Any CPU.Build.0 = Debug|Any CPU
		{0EE5E4DE-D360-4F27-A79F-D685465CAB12}.Release|Any CPU.ActiveCfg = Release|Any CPU
		{0EE5E4DE-D360-4F27-A79F-D685465CAB12}.Release|Any CPU.Build.0 = Release|Any CPU
		{99BC2E44-D3DD-433A-8D06-B261A0B14BFC}.Debug|Any CPU.ActiveCfg = Debug|Any CPU
		{99BC2E44-D3DD-433A-8D06-B261A0B14BFC}.Debug|Any CPU.Build.0 = Debug|Any CPU
		{99BC2E44-D3DD-433A-8D06-B261A0B14BFC}.Release|Any CPU.ActiveCfg = Release|Any CPU
		{99BC2E44-D3DD-433A-8D06-B261A0B14BFC}.Release|Any CPU.Build.0 = Release|Any CPU
	EndGlobalSection
	GlobalSection(SolutionProperties) = preSolution
		HideSolutionNode = FALSE
	EndGlobalSection
	GlobalSection(ExtensibilityGlobals) = postSolution
		SolutionGuid = {EAD5CB68-648A-4508-A8AC-C9F331AE4A78}
	EndGlobalSection
EndGlobal
