
Microsoft Visual Studio Solution File, Format Version 12.00
# Visual Studio Version 17
VisualStudioVersion = 17.1.32228.430
MinimumVisualStudioVersion = 10.0.40219.1
Project("{FAE04EC0-301F-11D3-BF4B-00C04F79EFBC}") = "Programa", "Programa\Programa.csproj", "{B643FB81-3652-4DBD-9E12-B9156E42E285}"
EndProject
Project("{FAE04EC0-301F-11D3-BF4B-00C04F79EFBC}") = "Billetes", "Billetes\Billetes.csproj", "{E24CE188-6921-409C-8C16-58023C026392}"
EndProject
Global
	GlobalSection(SolutionConfigurationPlatforms) = preSolution
		Debug|Any CPU = Debug|Any CPU
		Release|Any CPU = Release|Any CPU
	EndGlobalSection
	GlobalSection(ProjectConfigurationPlatforms) = postSolution
		{B643FB81-3652-4DBD-9E12-B9156E42E285}.Debug|Any CPU.ActiveCfg = Debug|Any CPU
		{B643FB81-3652-4DBD-9E12-B9156E42E285}.Debug|Any CPU.Build.0 = Debug|Any CPU
		{B643FB81-3652-4DBD-9E12-B9156E42E285}.Release|Any CPU.ActiveCfg = Release|Any CPU
		{B643FB81-3652-4DBD-9E12-B9156E42E285}.Release|Any CPU.Build.0 = Release|Any CPU
		{E24CE188-6921-409C-8C16-58023C026392}.Debug|Any CPU.ActiveCfg = Debug|Any CPU
		{E24CE188-6921-409C-8C16-58023C026392}.Debug|Any CPU.Build.0 = Debug|Any CPU
		{E24CE188-6921-409C-8C16-58023C026392}.Release|Any CPU.ActiveCfg = Release|Any CPU
		{E24CE188-6921-409C-8C16-58023C026392}.Release|Any CPU.Build.0 = Release|Any CPU
	EndGlobalSection
	GlobalSection(SolutionProperties) = preSolution
		HideSolutionNode = FALSE
	EndGlobalSection
	GlobalSection(ExtensibilityGlobals) = postSolution
		SolutionGuid = {F5EBA8C8-8FCB-46D6-B116-E9AF34B0906B}
	EndGlobalSection
EndGlobal
