
Microsoft Visual Studio Solution File, Format Version 12.00
# Visual Studio Version 17
VisualStudioVersion = 17.1.32228.430
MinimumVisualStudioVersion = 10.0.40219.1
Project("{FAE04EC0-301F-11D3-BF4B-00C04F79EFBC}") = "i09", "i09\i09.csproj", "{A5741E4A-4342-4458-9009-FEDF26D2F76E}"
EndProject
Global
	GlobalSection(SolutionConfigurationPlatforms) = preSolution
		Debug|Any CPU = Debug|Any CPU
		Release|Any CPU = Release|Any CPU
	EndGlobalSection
	GlobalSection(ProjectConfigurationPlatforms) = postSolution
		{A5741E4A-4342-4458-9009-FEDF26D2F76E}.Debug|Any CPU.ActiveCfg = Debug|Any CPU
		{A5741E4A-4342-4458-9009-FEDF26D2F76E}.Debug|Any CPU.Build.0 = Debug|Any CPU
		{A5741E4A-4342-4458-9009-FEDF26D2F76E}.Release|Any CPU.ActiveCfg = Release|Any CPU
		{A5741E4A-4342-4458-9009-FEDF26D2F76E}.Release|Any CPU.Build.0 = Release|Any CPU
	EndGlobalSection
	GlobalSection(SolutionProperties) = preSolution
		HideSolutionNode = FALSE
	EndGlobalSection
	GlobalSection(ExtensibilityGlobals) = postSolution
		SolutionGuid = {5AAF73E8-FFEF-4541-976E-4219D2C0DCC7}
	EndGlobalSection
EndGlobal
