
Microsoft Visual Studio Solution File, Format Version 12.00
# Visual Studio Version 17
VisualStudioVersion = 17.1.32228.430
MinimumVisualStudioVersion = 10.0.40219.1
Project("{FAE04EC0-301F-11D3-BF4B-00C04F79EFBC}") = "i05", "i05\i05.csproj", "{F69E2B95-7E4B-4481-9A11-88ADBE0D2417}"
EndProject
Project("{FAE04EC0-301F-11D3-BF4B-00C04F79EFBC}") = "bibiliotecaTablas", "bibiliotecaTablas\bibiliotecaTablas.csproj", "{E2A89AFB-BB2A-4C79-AEB4-356271E95EAB}"
EndProject
Global
	GlobalSection(SolutionConfigurationPlatforms) = preSolution
		Debug|Any CPU = Debug|Any CPU
		Release|Any CPU = Release|Any CPU
	EndGlobalSection
	GlobalSection(ProjectConfigurationPlatforms) = postSolution
		{F69E2B95-7E4B-4481-9A11-88ADBE0D2417}.Debug|Any CPU.ActiveCfg = Debug|Any CPU
		{F69E2B95-7E4B-4481-9A11-88ADBE0D2417}.Debug|Any CPU.Build.0 = Debug|Any CPU
		{F69E2B95-7E4B-4481-9A11-88ADBE0D2417}.Release|Any CPU.ActiveCfg = Release|Any CPU
		{F69E2B95-7E4B-4481-9A11-88ADBE0D2417}.Release|Any CPU.Build.0 = Release|Any CPU
		{E2A89AFB-BB2A-4C79-AEB4-356271E95EAB}.Debug|Any CPU.ActiveCfg = Debug|Any CPU
		{E2A89AFB-BB2A-4C79-AEB4-356271E95EAB}.Debug|Any CPU.Build.0 = Debug|Any CPU
		{E2A89AFB-BB2A-4C79-AEB4-356271E95EAB}.Release|Any CPU.ActiveCfg = Release|Any CPU
		{E2A89AFB-BB2A-4C79-AEB4-356271E95EAB}.Release|Any CPU.Build.0 = Release|Any CPU
	EndGlobalSection
	GlobalSection(SolutionProperties) = preSolution
		HideSolutionNode = FALSE
	EndGlobalSection
	GlobalSection(ExtensibilityGlobals) = postSolution
		SolutionGuid = {BF76F4A7-B19E-4AB5-9426-080514BD1041}
	EndGlobalSection
EndGlobal
