
Microsoft Visual Studio Solution File, Format Version 12.00
# Visual Studio Version 17
VisualStudioVersion = 17.1.32228.430
MinimumVisualStudioVersion = 10.0.40219.1
Project("{9A19103F-16F7-4668-BE54-9A1E7A4F7556}") = "Entidades", "Orpelli.Renzo.2E\Entidades.csproj", "{BDB85D72-2E4B-42E6-A236-F39DB034DF84}"
EndProject
Project("{FAE04EC0-301F-11D3-BF4B-00C04F79EFBC}") = "formEstacionamiento", "formEstacionamiento\formEstacionamiento.csproj", "{388A9FFB-8E57-45BD-8483-48C916664F3E}"
EndProject
Global
	GlobalSection(SolutionConfigurationPlatforms) = preSolution
		Debug|Any CPU = Debug|Any CPU
		Release|Any CPU = Release|Any CPU
	EndGlobalSection
	GlobalSection(ProjectConfigurationPlatforms) = postSolution
		{BDB85D72-2E4B-42E6-A236-F39DB034DF84}.Debug|Any CPU.ActiveCfg = Debug|Any CPU
		{BDB85D72-2E4B-42E6-A236-F39DB034DF84}.Debug|Any CPU.Build.0 = Debug|Any CPU
		{BDB85D72-2E4B-42E6-A236-F39DB034DF84}.Release|Any CPU.ActiveCfg = Release|Any CPU
		{BDB85D72-2E4B-42E6-A236-F39DB034DF84}.Release|Any CPU.Build.0 = Release|Any CPU
		{388A9FFB-8E57-45BD-8483-48C916664F3E}.Debug|Any CPU.ActiveCfg = Debug|Any CPU
		{388A9FFB-8E57-45BD-8483-48C916664F3E}.Debug|Any CPU.Build.0 = Debug|Any CPU
		{388A9FFB-8E57-45BD-8483-48C916664F3E}.Release|Any CPU.ActiveCfg = Release|Any CPU
		{388A9FFB-8E57-45BD-8483-48C916664F3E}.Release|Any CPU.Build.0 = Release|Any CPU
	EndGlobalSection
	GlobalSection(SolutionProperties) = preSolution
		HideSolutionNode = FALSE
	EndGlobalSection
	GlobalSection(ExtensibilityGlobals) = postSolution
		SolutionGuid = {1C53AA8D-BBFE-4F5E-959D-A87B1AE67E18}
	EndGlobalSection
EndGlobal
