
Microsoft Visual Studio Solution File, Format Version 12.00
# Visual Studio Version 17
VisualStudioVersion = 17.1.32228.430
MinimumVisualStudioVersion = 10.0.40219.1
Project("{9A19103F-16F7-4668-BE54-9A1E7A4F7556}") = "Entidades", "Entidades\Entidades.csproj", "{A2D1B340-0766-46AF-9E5F-C562E5608A0A}"
EndProject
Project("{FAE04EC0-301F-11D3-BF4B-00C04F79EFBC}") = "FrmTorneo", "FrmTorneo\FrmTorneo.csproj", "{8B5A5E73-FD98-41E1-9ACA-365CDB1CDFC2}"
EndProject
Global
	GlobalSection(SolutionConfigurationPlatforms) = preSolution
		Debug|Any CPU = Debug|Any CPU
		Release|Any CPU = Release|Any CPU
	EndGlobalSection
	GlobalSection(ProjectConfigurationPlatforms) = postSolution
		{A2D1B340-0766-46AF-9E5F-C562E5608A0A}.Debug|Any CPU.ActiveCfg = Debug|Any CPU
		{A2D1B340-0766-46AF-9E5F-C562E5608A0A}.Debug|Any CPU.Build.0 = Debug|Any CPU
		{A2D1B340-0766-46AF-9E5F-C562E5608A0A}.Release|Any CPU.ActiveCfg = Release|Any CPU
		{A2D1B340-0766-46AF-9E5F-C562E5608A0A}.Release|Any CPU.Build.0 = Release|Any CPU
		{8B5A5E73-FD98-41E1-9ACA-365CDB1CDFC2}.Debug|Any CPU.ActiveCfg = Debug|Any CPU
		{8B5A5E73-FD98-41E1-9ACA-365CDB1CDFC2}.Debug|Any CPU.Build.0 = Debug|Any CPU
		{8B5A5E73-FD98-41E1-9ACA-365CDB1CDFC2}.Release|Any CPU.ActiveCfg = Release|Any CPU
		{8B5A5E73-FD98-41E1-9ACA-365CDB1CDFC2}.Release|Any CPU.Build.0 = Release|Any CPU
	EndGlobalSection
	GlobalSection(SolutionProperties) = preSolution
		HideSolutionNode = FALSE
	EndGlobalSection
	GlobalSection(ExtensibilityGlobals) = postSolution
		SolutionGuid = {D1A1C7B1-F660-4BA4-96F4-67D7F61737EA}
	EndGlobalSection
EndGlobal
