
Microsoft Visual Studio Solution File, Format Version 12.00
# Visual Studio Version 17
VisualStudioVersion = 17.1.32228.430
MinimumVisualStudioVersion = 10.0.40219.1
Project("{FAE04EC0-301F-11D3-BF4B-00C04F79EFBC}") = "i01", "i01\i01.csproj", "{954136FE-C5F4-4347-BCCF-7250DE51661A}"
EndProject
Project("{FAE04EC0-301F-11D3-BF4B-00C04F79EFBC}") = "Validador", "Validador\Validador.csproj", "{EBA7F8D3-415D-4504-B8AB-6124D0A90A19}"
EndProject
Project("{FAE04EC0-301F-11D3-BF4B-00C04F79EFBC}") = "i02", "..\..\i02\i02\i02.csproj", "{05BF2AA6-25D0-4F68-ABAA-26E04EDD592B}"
EndProject
Global
	GlobalSection(SolutionConfigurationPlatforms) = preSolution
		Debug|Any CPU = Debug|Any CPU
		Release|Any CPU = Release|Any CPU
	EndGlobalSection
	GlobalSection(ProjectConfigurationPlatforms) = postSolution
		{954136FE-C5F4-4347-BCCF-7250DE51661A}.Debug|Any CPU.ActiveCfg = Debug|Any CPU
		{954136FE-C5F4-4347-BCCF-7250DE51661A}.Debug|Any CPU.Build.0 = Debug|Any CPU
		{954136FE-C5F4-4347-BCCF-7250DE51661A}.Release|Any CPU.ActiveCfg = Release|Any CPU
		{954136FE-C5F4-4347-BCCF-7250DE51661A}.Release|Any CPU.Build.0 = Release|Any CPU
		{EBA7F8D3-415D-4504-B8AB-6124D0A90A19}.Debug|Any CPU.ActiveCfg = Debug|Any CPU
		{EBA7F8D3-415D-4504-B8AB-6124D0A90A19}.Debug|Any CPU.Build.0 = Debug|Any CPU
		{EBA7F8D3-415D-4504-B8AB-6124D0A90A19}.Release|Any CPU.ActiveCfg = Release|Any CPU
		{EBA7F8D3-415D-4504-B8AB-6124D0A90A19}.Release|Any CPU.Build.0 = Release|Any CPU
		{05BF2AA6-25D0-4F68-ABAA-26E04EDD592B}.Debug|Any CPU.ActiveCfg = Debug|Any CPU
		{05BF2AA6-25D0-4F68-ABAA-26E04EDD592B}.Debug|Any CPU.Build.0 = Debug|Any CPU
		{05BF2AA6-25D0-4F68-ABAA-26E04EDD592B}.Release|Any CPU.ActiveCfg = Release|Any CPU
		{05BF2AA6-25D0-4F68-ABAA-26E04EDD592B}.Release|Any CPU.Build.0 = Release|Any CPU
	EndGlobalSection
	GlobalSection(SolutionProperties) = preSolution
		HideSolutionNode = FALSE
	EndGlobalSection
	GlobalSection(ExtensibilityGlobals) = postSolution
		SolutionGuid = {FF7CEA61-8FB3-4CD9-9D99-3FB463487C1E}
	EndGlobalSection
EndGlobal
